
Microsoft Visual Studio Solution File, Format Version 12.00
# Visual Studio Version 17
VisualStudioVersion = 17.10.34916.146
MinimumVisualStudioVersion = 10.0.40219.1
Project("{FAE04EC0-301F-11D3-BF4B-00C04F79EFBC}") = "MaruthiBuildProWebAPI", "MaruthiBuildProWebAPI\MaruthiBuildProWebAPI.csproj", "{3E7B3976-48CE-44D6-8FBD-EEE276AF4E40}"
EndProject
Global
	GlobalSection(SolutionConfigurationPlatforms) = preSolution
		Debug|Any CPU = Debug|Any CPU
		Release|Any CPU = Release|Any CPU
	EndGlobalSection
	GlobalSection(ProjectConfigurationPlatforms) = postSolution
		{3E7B3976-48CE-44D6-8FBD-EEE276AF4E40}.Debug|Any CPU.ActiveCfg = Debug|Any CPU
		{3E7B3976-48CE-44D6-8FBD-EEE276AF4E40}.Debug|Any CPU.Build.0 = Debug|Any CPU
		{3E7B3976-48CE-44D6-8FBD-EEE276AF4E40}.Release|Any CPU.ActiveCfg = Release|Any CPU
		{3E7B3976-48CE-44D6-8FBD-EEE276AF4E40}.Release|Any CPU.Build.0 = Release|Any CPU
	EndGlobalSection
	GlobalSection(SolutionProperties) = preSolution
		HideSolutionNode = FALSE
	EndGlobalSection
	GlobalSection(ExtensibilityGlobals) = postSolution
		SolutionGuid = {32BE0868-F827-49CF-9DC4-B4F11CC46D76}
	EndGlobalSection
EndGlobal
